
Microsoft Visual Studio Solution File, Format Version 12.00
# Visual Studio Version 17
VisualStudioVersion = 17.11.35327.3
MinimumVisualStudioVersion = 10.0.40219.1
Project("{FAE04EC0-301F-11D3-BF4B-00C04F79EFBC}") = "e-commerce", "e-commerce\e-commerce.csproj", "{5A0C3E3C-A2C6-4DA6-8B05-54150941D8AE}"
EndProject
Project("{FAE04EC0-301F-11D3-BF4B-00C04F79EFBC}") = "E-commerce.Core", "E-commerce.Core\E-commerce.Core.csproj", "{FA7CEC6D-7044-4C39-A1C3-260527155539}"
EndProject
Project("{FAE04EC0-301F-11D3-BF4B-00C04F79EFBC}") = "E-commerce.Repository", "E-commerce.Repository\E-commerce.Repository.csproj", "{6D230750-3428-4D06-9858-B2FA468BAA7D}"
EndProject
Project("{FAE04EC0-301F-11D3-BF4B-00C04F79EFBC}") = "E-commerce.Services", "E-commerce.Services\E-commerce.Services.csproj", "{86036F5C-0C70-4D18-A0E0-5DA1F19B874F}"
EndProject
Global
	GlobalSection(SolutionConfigurationPlatforms) = preSolution
		Debug|Any CPU = Debug|Any CPU
		Release|Any CPU = Release|Any CPU
	EndGlobalSection
	GlobalSection(ProjectConfigurationPlatforms) = postSolution
		{5A0C3E3C-A2C6-4DA6-8B05-54150941D8AE}.Debug|Any CPU.ActiveCfg = Debug|Any CPU
		{5A0C3E3C-A2C6-4DA6-8B05-54150941D8AE}.Debug|Any CPU.Build.0 = Debug|Any CPU
		{5A0C3E3C-A2C6-4DA6-8B05-54150941D8AE}.Release|Any CPU.ActiveCfg = Release|Any CPU
		{5A0C3E3C-A2C6-4DA6-8B05-54150941D8AE}.Release|Any CPU.Build.0 = Release|Any CPU
		{FA7CEC6D-7044-4C39-A1C3-260527155539}.Debug|Any CPU.ActiveCfg = Debug|Any CPU
		{FA7CEC6D-7044-4C39-A1C3-260527155539}.Debug|Any CPU.Build.0 = Debug|Any CPU
		{FA7CEC6D-7044-4C39-A1C3-260527155539}.Release|Any CPU.ActiveCfg = Release|Any CPU
		{FA7CEC6D-7044-4C39-A1C3-260527155539}.Release|Any CPU.Build.0 = Release|Any CPU
		{6D230750-3428-4D06-9858-B2FA468BAA7D}.Debug|Any CPU.ActiveCfg = Debug|Any CPU
		{6D230750-3428-4D06-9858-B2FA468BAA7D}.Debug|Any CPU.Build.0 = Debug|Any CPU
		{6D230750-3428-4D06-9858-B2FA468BAA7D}.Release|Any CPU.ActiveCfg = Release|Any CPU
		{6D230750-3428-4D06-9858-B2FA468BAA7D}.Release|Any CPU.Build.0 = Release|Any CPU
		{86036F5C-0C70-4D18-A0E0-5DA1F19B874F}.Debug|Any CPU.ActiveCfg = Debug|Any CPU
		{86036F5C-0C70-4D18-A0E0-5DA1F19B874F}.Debug|Any CPU.Build.0 = Debug|Any CPU
		{86036F5C-0C70-4D18-A0E0-5DA1F19B874F}.Release|Any CPU.ActiveCfg = Release|Any CPU
		{86036F5C-0C70-4D18-A0E0-5DA1F19B874F}.Release|Any CPU.Build.0 = Release|Any CPU
	EndGlobalSection
	GlobalSection(SolutionProperties) = preSolution
		HideSolutionNode = FALSE
	EndGlobalSection
	GlobalSection(ExtensibilityGlobals) = postSolution
		SolutionGuid = {CAA55760-9ACB-4EE6-B662-869F6EC4880C}
	EndGlobalSection
EndGlobal
